
Microsoft Visual Studio Solution File, Format Version 12.00
# Visual Studio Version 16
VisualStudioVersion = 16.0.30204.135
MinimumVisualStudioVersion = 10.0.40219.1
Project("{FAE04EC0-301F-11D3-BF4B-00C04F79EFBC}") = "DiaryBooking", "DiaryBooking\DiaryBooking.csproj", "{C03500B7-1745-4BEB-BD94-3D60EB378704}"
EndProject
Global
	GlobalSection(SolutionConfigurationPlatforms) = preSolution
		Debug|Any CPU = Debug|Any CPU
		Release|Any CPU = Release|Any CPU
	EndGlobalSection
	GlobalSection(ProjectConfigurationPlatforms) = postSolution
		{C03500B7-1745-4BEB-BD94-3D60EB378704}.Debug|Any CPU.ActiveCfg = Debug|Any CPU
		{C03500B7-1745-4BEB-BD94-3D60EB378704}.Debug|Any CPU.Build.0 = Debug|Any CPU
		{C03500B7-1745-4BEB-BD94-3D60EB378704}.Release|Any CPU.ActiveCfg = Release|Any CPU
		{C03500B7-1745-4BEB-BD94-3D60EB378704}.Release|Any CPU.Build.0 = Release|Any CPU
	EndGlobalSection
	GlobalSection(SolutionProperties) = preSolution
		HideSolutionNode = FALSE
	EndGlobalSection
	GlobalSection(ExtensibilityGlobals) = postSolution
		SolutionGuid = {14B19E18-5BE8-4A06-94DD-0F0885DE141E}
	EndGlobalSection
EndGlobal
